# THIS IS AN AUTOGENERATED FILE. DO NOT EDIT THIS FILE DIRECTLY.
# yarn lockfile v1


"@types/p5@^1.4.1":
  version "1.4.1"
  resolved "https://registry.npmjs.org/@types/p5/-/p5-1.4.1.tgz"
  integrity sha512-POOcX1kJYUyvnqug+Zb3XLfR5uzbyrrmxrhOkiGEGFsb6KDtxDrsGYvso5gj2u9DbPf9NBIL3T0m51vzXfdpeA==

p5@^1.4.1:
  version "1.4.1"
  resolved "https://registry.npmjs.org/p5/-/p5-1.4.1.tgz"
  integrity sha512-3/X+qb0bK2Cg8nuZNpZZvzxkeUSRghOf0S+l8c+U8yIkUTVSbbcV0R8y96rx3InVBVhk8cH9kFC93VlZZElqSw==

typescript@^4.6.2:
  version "4.6.2"
  resolved "https://registry.npmjs.org/typescript/-/typescript-4.6.2.tgz"
  integrity sha512-HM/hFigTBHZhLXshn9sN37H085+hQGeJHJ/X7LpBWLID/fbc2acUMfU+lGD98X81sKP+pFa9f0DZmCwB9GnbAg==
