# THIS IS AN AUTOGENERATED FILE. DO NOT EDIT THIS FILE DIRECTLY.
# yarn lockfile v1


"@types/p5@^1.4.1":
  version "1.4.1"
  resolved "https://registry.yarnpkg.com/@types/p5/-/p5-1.4.1.tgz#0bd39b5548b53511bc831fde25981908bba5290b"
  integrity sha512-POOcX1kJYUyvnqug+Zb3XLfR5uzbyrrmxrhOkiGEGFsb6KDtxDrsGYvso5gj2u9DbPf9NBIL3T0m51vzXfdpeA==
